
Microsoft Visual Studio Solution File, Format Version 12.00
# Visual Studio Version 17
VisualStudioVersion = 17.0.31903.59
MinimumVisualStudioVersion = 10.0.40219.1
Project("{FAE04EC0-301F-11D3-BF4B-00C04F79EFBC}") = "YTubeFetch", "src\YTubeFetch\YTubeFetch.csproj", "{6A053AA7-B0D1-489E-AEDC-F30FD62CBCF4}"
EndProject
Global
	GlobalSection(SolutionConfigurationPlatforms) = preSolution
		Debug|Any CPU = Debug|Any CPU
		Release|Any CPU = Release|Any CPU
	EndGlobalSection
	GlobalSection(ProjectConfigurationPlatforms) = postSolution
		{6A053AA7-B0D1-489E-AEDC-F30FD62CBCF4}.Debug|Any CPU.ActiveCfg = Debug|Any CPU
		{6A053AA7-B0D1-489E-AEDC-F30FD62CBCF4}.Debug|Any CPU.Build.0 = Debug|Any CPU
		{6A053AA7-B0D1-489E-AEDC-F30FD62CBCF4}.Release|Any CPU.ActiveCfg = Release|Any CPU
		{6A053AA7-B0D1-489E-AEDC-F30FD62CBCF4}.Release|Any CPU.Build.0 = Release|Any CPU
	EndGlobalSection
EndGlobal
